# @generated - this file is auto-generated by `mise lock` https://mise.jdx.dev/dev-tools/mise-lock.html

lockfile_version = 1

[[tools."aqua:nushell/nushell"]]
version = "0.115.1"
backend = "aqua:nushell/nushell"
specifiers = ["latest"]

[tools."aqua:nushell/nushell"."platforms.linux-arm64"]
checksum = "sha256:5c4a5bca0af5b070e903a68fa014cc24e6419d0ac9cec03a2948494b2d310e08"
url = "https://github.com/nushell/nushell/releases/download/0.115.1/nu-0.115.1-aarch64-unknown-linux-gnu.tar.gz"
url_api = "https://api.github.com/repos/nushell/nushell/releases/assets/526013775"

[tools."aqua:nushell/nushell"."platforms.linux-arm64-musl"]
checksum = "sha256:86a869f44c2abd37f4a4c215af78c8da058812b76fa131476d28e62fc0262a91"
url = "https://github.com/nushell/nushell/releases/download/0.115.1/nu-0.115.1-aarch64-unknown-linux-musl.tar.gz"
url_api = "https://api.github.com/repos/nushell/nushell/releases/assets/526013290"

[tools."aqua:nushell/nushell"."platforms.linux-x64"]
checksum = "sha256:d11d825241f6504a3617c535fa725a9dd6d009c86d7b19fb3168b47635b9d8b0"
url = "https://github.com/nushell/nushell/releases/download/0.115.1/nu-0.115.1-x86_64-unknown-linux-gnu.tar.gz"
url_api = "https://api.github.com/repos/nushell/nushell/releases/assets/526012815"

[tools."aqua:nushell/nushell"."platforms.linux-x64-musl"]
checksum = "sha256:8a9722177ddd421eba927b4baae4ae341a4d1c3434504be7b1b17d998bafdd87"
url = "https://github.com/nushell/nushell/releases/download/0.115.1/nu-0.115.1-x86_64-unknown-linux-musl.tar.gz"
url_api = "https://api.github.com/repos/nushell/nushell/releases/assets/526013643"

[tools."aqua:nushell/nushell"."platforms.macos-arm64"]
checksum = "sha256:2e6ed1eb043869ff05b5f2448a8c443e4d3a93557ba4303b21008a0523c96734"
url = "https://github.com/nushell/nushell/releases/download/0.115.1/nu-0.115.1-aarch64-apple-darwin.tar.gz"
url_api = "https://api.github.com/repos/nushell/nushell/releases/assets/526010403"

[tools."aqua:nushell/nushell"."platforms.macos-x64"]
checksum = "sha256:0292f4b92af29cfe5d9c4b2ec06eeb325b705d1d6c19536a8bec2b75859b3485"
url = "https://github.com/nushell/nushell/releases/download/0.115.1/nu-0.115.1-x86_64-apple-darwin.tar.gz"
url_api = "https://api.github.com/repos/nushell/nushell/releases/assets/526015418"

[tools."aqua:nushell/nushell"."platforms.windows-x64"]
checksum = "sha256:b83009cbc88021f4dc293c49320118886b78363f9a4bb14933d33c8803241f46"
url = "https://github.com/nushell/nushell/releases/download/0.115.1/nu-0.115.1-x86_64-pc-windows-msvc.zip"
url_api = "https://api.github.com/repos/nushell/nushell/releases/assets/526030176"

[[tools."aqua:protonpass/pass-cli"]]
version = "2.3.3"
backend = "aqua:protonpass/pass-cli"
specifiers = ["latest"]

[tools."aqua:protonpass/pass-cli"."platforms.linux-arm64"]
checksum = "sha256:9c3e85e10d3bb631ffe377f063d996b9cc9a545d30971bcedf5910e16d03542b"
url = "https://github.com/protonpass/pass-cli/releases/download/2.3.3/pass-cli-linux-aarch64"
url_api = "https://api.github.com/repos/protonpass/pass-cli/releases/assets/529321906"

[tools."aqua:protonpass/pass-cli"."platforms.linux-arm64-musl"]
checksum = "sha256:9c3e85e10d3bb631ffe377f063d996b9cc9a545d30971bcedf5910e16d03542b"
url = "https://github.com/protonpass/pass-cli/releases/download/2.3.3/pass-cli-linux-aarch64"
url_api = "https://api.github.com/repos/protonpass/pass-cli/releases/assets/529321906"

[tools."aqua:protonpass/pass-cli"."platforms.linux-x64"]
checksum = "sha256:b5b49a8b3fd0af8830c0c1979f28ea0c90ccece73f59023a8bca8245d4b68da9"
url = "https://github.com/protonpass/pass-cli/releases/download/2.3.3/pass-cli-linux-x86_64"
url_api = "https://api.github.com/repos/protonpass/pass-cli/releases/assets/529321902"

[tools."aqua:protonpass/pass-cli"."platforms.linux-x64-musl"]
checksum = "sha256:b5b49a8b3fd0af8830c0c1979f28ea0c90ccece73f59023a8bca8245d4b68da9"
url = "https://github.com/protonpass/pass-cli/releases/download/2.3.3/pass-cli-linux-x86_64"
url_api = "https://api.github.com/repos/protonpass/pass-cli/releases/assets/529321902"

[tools."aqua:protonpass/pass-cli"."platforms.macos-arm64"]
checksum = "sha256:3281587ac9c50ae2f1604ba75e9d1d39b6debb221b65a6cc56f64d626ede3dbc"
url = "https://github.com/protonpass/pass-cli/releases/download/2.3.3/pass-cli-macos-aarch64"
url_api = "https://api.github.com/repos/protonpass/pass-cli/releases/assets/529321923"

[tools."aqua:protonpass/pass-cli"."platforms.macos-x64"]
checksum = "sha256:275f6159f63d152ecdd9d4e2969ef515291619005e0d30ab762daee26081621c"
url = "https://github.com/protonpass/pass-cli/releases/download/2.3.3/pass-cli-macos-x86_64"
url_api = "https://api.github.com/repos/protonpass/pass-cli/releases/assets/529321907"

[tools."aqua:protonpass/pass-cli"."platforms.windows-x64"]
checksum = "sha256:4169c7644e3475f294d265e2f1262476573e41d372b905187222c52f1c6dbca5"
url = "https://github.com/protonpass/pass-cli/releases/download/2.3.3/pass-cli-windows-x86_64.zip"
url_api = "https://api.github.com/repos/protonpass/pass-cli/releases/assets/529321936"

[[tools.fnox]]
version = "1.34.1"
backend = "github:jdx/fnox"
specifiers = ["latest"]

[tools.fnox."platforms.linux-arm64"]
checksum = "sha256:8a6a64c1f2367e6f61366a4cd206c4a8e2163aa72654c61ecb08de042afc8b06"
url = "https://github.com/jdx/fnox/releases/download/v1.34.1/fnox-aarch64-unknown-linux-gnu.tar.gz"
url_api = "https://api.github.com/repos/jdx/fnox/releases/assets/531310159"
provenance = "github-attestations"

[tools.fnox."platforms.linux-arm64-musl"]
checksum = "sha256:f8ef80aaaf5f5eb50c172662a9f394cf2e1832c8d042577a1b53cb7adf0c5ead"
url = "https://github.com/jdx/fnox/releases/download/v1.34.1/fnox-aarch64-unknown-linux-musl.tar.gz"
url_api = "https://api.github.com/repos/jdx/fnox/releases/assets/531310161"
provenance = "github-attestations"

[tools.fnox."platforms.linux-x64"]
checksum = "sha256:19961030a6580bc4e4153ab1d2ae112e28e09611971f3bcc0d2dc90ffd47603c"
url = "https://github.com/jdx/fnox/releases/download/v1.34.1/fnox-x86_64-unknown-linux-gnu.tar.gz"
url_api = "https://api.github.com/repos/jdx/fnox/releases/assets/531310192"
provenance = "github-attestations"
provenance_verified = true

[tools.fnox."platforms.linux-x64-musl"]
checksum = "sha256:a789b6d16e579eafd1ee79d71dc52ed3708d921edc8cf49baa403fca4be9b9ea"
url = "https://github.com/jdx/fnox/releases/download/v1.34.1/fnox-x86_64-unknown-linux-musl.tar.gz"
url_api = "https://api.github.com/repos/jdx/fnox/releases/assets/531310194"
provenance = "github-attestations"

[tools.fnox."platforms.macos-arm64"]
checksum = "sha256:b9efa09f551470f8d664a2e040754d14993293e45dc08a69df4a9df782bbd1d4"
url = "https://github.com/jdx/fnox/releases/download/v1.34.1/fnox-aarch64-apple-darwin.tar.gz"
url_api = "https://api.github.com/repos/jdx/fnox/releases/assets/531310160"
provenance = "github-attestations"

[tools.fnox."platforms.macos-x64"]
checksum = "sha256:0fb69eeeface42801dc2a6f8f3266b1b6876f21f5d9951105506cbd539058f0a"
url = "https://github.com/jdx/fnox/releases/download/v1.34.1/fnox-x86_64-apple-darwin.tar.gz"
url_api = "https://api.github.com/repos/jdx/fnox/releases/assets/531310158"
provenance = "github-attestations"

[tools.fnox."platforms.windows-x64"]
checksum = "sha256:0128d894b2a1559c3d3155a6956751e01334a9dbdb6678519b82828b917ec9a7"
url = "https://github.com/jdx/fnox/releases/download/v1.34.1/fnox-x86_64-pc-windows-msvc.zip"
url_api = "https://api.github.com/repos/jdx/fnox/releases/assets/531310190"
provenance = "github-attestations"
