# @generated - this file is auto-generated by `mise lock` https://mise.jdx.dev/dev-tools/mise-lock.html

lockfile_version = 1

[[tools."aqua:protonpass/pass-cli"]]
version = "2.3.3"
backend = "aqua:protonpass/pass-cli"
specifiers = ["2.3.3"]

[tools."aqua:protonpass/pass-cli"."platforms.linux-arm64"]
checksum = "sha256:9c3e85e10d3bb631ffe377f063d996b9cc9a545d30971bcedf5910e16d03542b"
url = "https://github.com/protonpass/pass-cli/releases/download/2.3.3/pass-cli-linux-aarch64"
url_api = "https://api.github.com/repos/protonpass/pass-cli/releases/assets/529321906"

[tools."aqua:protonpass/pass-cli"."platforms.linux-arm64-musl"]
checksum = "sha256:9c3e85e10d3bb631ffe377f063d996b9cc9a545d30971bcedf5910e16d03542b"
url = "https://github.com/protonpass/pass-cli/releases/download/2.3.3/pass-cli-linux-aarch64"
url_api = "https://api.github.com/repos/protonpass/pass-cli/releases/assets/529321906"

[tools."aqua:protonpass/pass-cli"."platforms.linux-x64"]
checksum = "sha256:b5b49a8b3fd0af8830c0c1979f28ea0c90ccece73f59023a8bca8245d4b68da9"
url = "https://github.com/protonpass/pass-cli/releases/download/2.3.3/pass-cli-linux-x86_64"
url_api = "https://api.github.com/repos/protonpass/pass-cli/releases/assets/529321902"

[tools."aqua:protonpass/pass-cli"."platforms.linux-x64-musl"]
checksum = "sha256:b5b49a8b3fd0af8830c0c1979f28ea0c90ccece73f59023a8bca8245d4b68da9"
url = "https://github.com/protonpass/pass-cli/releases/download/2.3.3/pass-cli-linux-x86_64"
url_api = "https://api.github.com/repos/protonpass/pass-cli/releases/assets/529321902"

[tools."aqua:protonpass/pass-cli"."platforms.macos-arm64"]
checksum = "sha256:3281587ac9c50ae2f1604ba75e9d1d39b6debb221b65a6cc56f64d626ede3dbc"
url = "https://github.com/protonpass/pass-cli/releases/download/2.3.3/pass-cli-macos-aarch64"
url_api = "https://api.github.com/repos/protonpass/pass-cli/releases/assets/529321923"

[tools."aqua:protonpass/pass-cli"."platforms.macos-x64"]
checksum = "sha256:275f6159f63d152ecdd9d4e2969ef515291619005e0d30ab762daee26081621c"
url = "https://github.com/protonpass/pass-cli/releases/download/2.3.3/pass-cli-macos-x86_64"
url_api = "https://api.github.com/repos/protonpass/pass-cli/releases/assets/529321907"

[tools."aqua:protonpass/pass-cli"."platforms.windows-x64"]
checksum = "sha256:4169c7644e3475f294d265e2f1262476573e41d372b905187222c52f1c6dbca5"
url = "https://github.com/protonpass/pass-cli/releases/download/2.3.3/pass-cli-windows-x86_64.zip"
url_api = "https://api.github.com/repos/protonpass/pass-cli/releases/assets/529321936"
