# @generated - this file is auto-generated by `mise lock` https://mise.jdx.dev/dev-tools/mise-lock.html

lockfile_version = 1

[[tools."aqua:nodejs/node"]]
version = "24.20.0"
backend = "aqua:nodejs/node"
specifiers = ["24.20.0"]

[tools."aqua:nodejs/node"."platforms.linux-arm64"]
url = "https://nodejs.org/dist/v24.20.0/node-v24.20.0-linux-arm64.tar.gz"

[tools."aqua:nodejs/node"."platforms.linux-arm64-musl"]
url = "https://unofficial-builds.nodejs.org/download/release/v24.20.0/node-v24.20.0-linux-arm64-musl.tar.gz"

[tools."aqua:nodejs/node"."platforms.linux-x64"]
checksum = "blake3:9a48bd537c64a456e522615720462ca72f773f8d1bca9318941860bbe8863a1a"
url = "https://nodejs.org/dist/v24.20.0/node-v24.20.0-linux-x64.tar.gz"

[tools."aqua:nodejs/node"."platforms.linux-x64-baseline"]
url = "https://nodejs.org/dist/v24.20.0/node-v24.20.0-linux-x64.tar.gz"

[tools."aqua:nodejs/node"."platforms.linux-x64-musl"]
url = "https://unofficial-builds.nodejs.org/download/release/v24.20.0/node-v24.20.0-linux-x64-musl.tar.gz"

[tools."aqua:nodejs/node"."platforms.linux-x64-musl-baseline"]
url = "https://unofficial-builds.nodejs.org/download/release/v24.20.0/node-v24.20.0-linux-x64-musl.tar.gz"

[tools."aqua:nodejs/node"."platforms.macos-arm64"]
url = "https://nodejs.org/dist/v24.20.0/node-v24.20.0-darwin-arm64.tar.gz"

[tools."aqua:nodejs/node"."platforms.macos-x64"]
url = "https://nodejs.org/dist/v24.20.0/node-v24.20.0-darwin-x64.tar.gz"

[tools."aqua:nodejs/node"."platforms.macos-x64-baseline"]
url = "https://nodejs.org/dist/v24.20.0/node-v24.20.0-darwin-x64.tar.gz"

[tools."aqua:nodejs/node"."platforms.windows-x64"]
url = "https://nodejs.org/dist/v24.20.0/node-v24.20.0-win-x64.zip"

[tools."aqua:nodejs/node"."platforms.windows-x64-baseline"]
url = "https://nodejs.org/dist/v24.20.0/node-v24.20.0-win-x64.zip"

[[tools."aqua:oven-sh/bun"]]
version = "1.4.0"
backend = "aqua:oven-sh/bun"
specifiers = ["1.4.0"]

[tools."aqua:oven-sh/bun"."platforms.linux-arm64"]
checksum = "sha256:4b1a332ee861983eb93bcfe6f770fff94e3e31b2c388bdaea3c8ed35e58eed0e"
url = "https://github.com/oven-sh/bun/releases/download/bun-v1.4.0/bun-linux-aarch64.zip"
url_api = "https://api.github.com/repos/oven-sh/bun/releases/assets/521567814"

[tools."aqua:oven-sh/bun"."platforms.linux-arm64-musl"]
checksum = "sha256:576300ce33ff16ffcd455bf178c2f095f9df845c6cc3d0284ba1c96ca0e80473"
url = "https://github.com/oven-sh/bun/releases/download/bun-v1.4.0/bun-linux-aarch64-musl.zip"
url_api = "https://api.github.com/repos/oven-sh/bun/releases/assets/521567810"

[tools."aqua:oven-sh/bun"."platforms.linux-x64"]
checksum = "sha256:2d03fb5fb83ac8b567aca0a281b2ce1a1a19d488f56c2968d88c3f25e92fe452"
url = "https://github.com/oven-sh/bun/releases/download/bun-v1.4.0/bun-linux-x64.zip"
url_api = "https://api.github.com/repos/oven-sh/bun/releases/assets/521567984"

[tools."aqua:oven-sh/bun"."platforms.linux-x64-baseline"]
checksum = "sha256:2d03fb5fb83ac8b567aca0a281b2ce1a1a19d488f56c2968d88c3f25e92fe452"
url = "https://github.com/oven-sh/bun/releases/download/bun-v1.4.0/bun-linux-x64.zip"
url_api = "https://api.github.com/repos/oven-sh/bun/releases/assets/521567984"

[tools."aqua:oven-sh/bun"."platforms.linux-x64-musl"]
checksum = "sha256:83b5f12fd258dd8d4fdcaea65ede954366aa717dab399e20093ecab280d54e7a"
url = "https://github.com/oven-sh/bun/releases/download/bun-v1.4.0/bun-linux-x64-musl.zip"
url_api = "https://api.github.com/repos/oven-sh/bun/releases/assets/521569626"

[tools."aqua:oven-sh/bun"."platforms.linux-x64-musl-baseline"]
checksum = "sha256:83b5f12fd258dd8d4fdcaea65ede954366aa717dab399e20093ecab280d54e7a"
url = "https://github.com/oven-sh/bun/releases/download/bun-v1.4.0/bun-linux-x64-musl.zip"
url_api = "https://api.github.com/repos/oven-sh/bun/releases/assets/521569626"

[tools."aqua:oven-sh/bun"."platforms.macos-arm64"]
checksum = "sha256:c669e97f6164e1c96e0701748db98dfa77492908cbd8394c7557134a735de381"
url = "https://github.com/oven-sh/bun/releases/download/bun-v1.4.0/bun-darwin-aarch64.zip"
url_api = "https://api.github.com/repos/oven-sh/bun/releases/assets/521568975"

[tools."aqua:oven-sh/bun"."platforms.macos-x64"]
checksum = "sha256:1d0211b8f1dc991182344687ad15e72ee86f154845a5f7fa477994cd341dd9b0"
url = "https://github.com/oven-sh/bun/releases/download/bun-v1.4.0/bun-darwin-x64.zip"
url_api = "https://api.github.com/repos/oven-sh/bun/releases/assets/521569492"

[tools."aqua:oven-sh/bun"."platforms.macos-x64-baseline"]
checksum = "sha256:1d0211b8f1dc991182344687ad15e72ee86f154845a5f7fa477994cd341dd9b0"
url = "https://github.com/oven-sh/bun/releases/download/bun-v1.4.0/bun-darwin-x64.zip"
url_api = "https://api.github.com/repos/oven-sh/bun/releases/assets/521569492"

[tools."aqua:oven-sh/bun"."platforms.windows-x64"]
checksum = "sha256:e6f093d39da486b20262ca8cdd5ed6a9e8bc9c2f275b78e6d3a0c5b28cc95901"
url = "https://github.com/oven-sh/bun/releases/download/bun-v1.4.0/bun-windows-x64.zip"
url_api = "https://api.github.com/repos/oven-sh/bun/releases/assets/521572497"

[tools."aqua:oven-sh/bun"."platforms.windows-x64-baseline"]
checksum = "sha256:e6f093d39da486b20262ca8cdd5ed6a9e8bc9c2f275b78e6d3a0c5b28cc95901"
url = "https://github.com/oven-sh/bun/releases/download/bun-v1.4.0/bun-windows-x64.zip"
url_api = "https://api.github.com/repos/oven-sh/bun/releases/assets/521572497"
