# @generated - this file is auto-generated by `mise lock` https://mise.jdx.dev/dev-tools/mise-lock.html

lockfile_version = 1

[[tools.fnox]]
version = "1.34.1"
backend = "github:jdx/fnox"
specifiers = ["1.34.1"]

[tools.fnox."platforms.linux-arm64"]
checksum = "sha256:8a6a64c1f2367e6f61366a4cd206c4a8e2163aa72654c61ecb08de042afc8b06"
url = "https://github.com/jdx/fnox/releases/download/v1.34.1/fnox-aarch64-unknown-linux-gnu.tar.gz"
url_api = "https://api.github.com/repos/jdx/fnox/releases/assets/531310159"
provenance = "github-attestations"

[tools.fnox."platforms.linux-arm64-musl"]
checksum = "sha256:f8ef80aaaf5f5eb50c172662a9f394cf2e1832c8d042577a1b53cb7adf0c5ead"
url = "https://github.com/jdx/fnox/releases/download/v1.34.1/fnox-aarch64-unknown-linux-musl.tar.gz"
url_api = "https://api.github.com/repos/jdx/fnox/releases/assets/531310161"
provenance = "github-attestations"

[tools.fnox."platforms.linux-x64"]
checksum = "sha256:19961030a6580bc4e4153ab1d2ae112e28e09611971f3bcc0d2dc90ffd47603c"
url = "https://github.com/jdx/fnox/releases/download/v1.34.1/fnox-x86_64-unknown-linux-gnu.tar.gz"
url_api = "https://api.github.com/repos/jdx/fnox/releases/assets/531310192"
provenance = "github-attestations"
provenance_verified = true

[tools.fnox."platforms.linux-x64-musl"]
checksum = "sha256:a789b6d16e579eafd1ee79d71dc52ed3708d921edc8cf49baa403fca4be9b9ea"
url = "https://github.com/jdx/fnox/releases/download/v1.34.1/fnox-x86_64-unknown-linux-musl.tar.gz"
url_api = "https://api.github.com/repos/jdx/fnox/releases/assets/531310194"
provenance = "github-attestations"

[tools.fnox."platforms.macos-arm64"]
checksum = "sha256:b9efa09f551470f8d664a2e040754d14993293e45dc08a69df4a9df782bbd1d4"
url = "https://github.com/jdx/fnox/releases/download/v1.34.1/fnox-aarch64-apple-darwin.tar.gz"
url_api = "https://api.github.com/repos/jdx/fnox/releases/assets/531310160"
provenance = "github-attestations"

[tools.fnox."platforms.macos-x64"]
checksum = "sha256:0fb69eeeface42801dc2a6f8f3266b1b6876f21f5d9951105506cbd539058f0a"
url = "https://github.com/jdx/fnox/releases/download/v1.34.1/fnox-x86_64-apple-darwin.tar.gz"
url_api = "https://api.github.com/repos/jdx/fnox/releases/assets/531310158"
provenance = "github-attestations"

[tools.fnox."platforms.windows-x64"]
checksum = "sha256:0128d894b2a1559c3d3155a6956751e01334a9dbdb6678519b82828b917ec9a7"
url = "https://github.com/jdx/fnox/releases/download/v1.34.1/fnox-x86_64-pc-windows-msvc.zip"
url_api = "https://api.github.com/repos/jdx/fnox/releases/assets/531310190"
provenance = "github-attestations"
