# @generated - this file is auto-generated by `mise lock` https://mise.jdx.dev/dev-tools/mise-lock.html

lockfile_version = 1

[[tools."aqua:jdx/fnox"]]
version = "1.35.3"
backend = "aqua:jdx/fnox"
specifiers = ["1.35.3"]

[tools."aqua:jdx/fnox"."platforms.linux-arm64"]
checksum = "sha256:0bf2d91b31d57969e6c12e4677d77f2f648dde81685fa07a6d691560c8cd89f7"
url = "https://github.com/jdx/fnox/releases/download/v1.35.3/fnox-aarch64-unknown-linux-gnu.tar.gz"
url_api = "https://api.github.com/repos/jdx/fnox/releases/assets/578792289"

[tools."aqua:jdx/fnox"."platforms.linux-arm64-musl"]
checksum = "sha256:d0d808ee972747b0868317800772e80f693cb7023ca39a9e75f77c6e9cf57e38"
url = "https://github.com/jdx/fnox/releases/download/v1.35.3/fnox-aarch64-unknown-linux-musl.tar.gz"
url_api = "https://api.github.com/repos/jdx/fnox/releases/assets/578792291"

[tools."aqua:jdx/fnox"."platforms.linux-x64"]
checksum = "sha256:69066f81f624d355c83bcb394ba80f6add80c06b7be92c7b178d38af14a25c52"
url = "https://github.com/jdx/fnox/releases/download/v1.35.3/fnox-x86_64-unknown-linux-gnu.tar.gz"
url_api = "https://api.github.com/repos/jdx/fnox/releases/assets/578792337"

[tools."aqua:jdx/fnox"."platforms.linux-x64-musl"]
checksum = "sha256:e0a9bc1e132bc893301cc108afc849412046ebeb3043ef5b4a3de5e45d5f6701"
url = "https://github.com/jdx/fnox/releases/download/v1.35.3/fnox-x86_64-unknown-linux-musl.tar.gz"
url_api = "https://api.github.com/repos/jdx/fnox/releases/assets/578792344"

[tools."aqua:jdx/fnox"."platforms.macos-arm64"]
checksum = "sha256:49965f9739d053f544aa32599494b3e2442dcf8c116d92a6a4afa5575e9decd3"
url = "https://github.com/jdx/fnox/releases/download/v1.35.3/fnox-aarch64-apple-darwin.tar.gz"
url_api = "https://api.github.com/repos/jdx/fnox/releases/assets/578792286"

[tools."aqua:jdx/fnox"."platforms.macos-x64"]
checksum = "sha256:f56104dc739e6882e6a85fc32149c372450ba6a6799b31f69766234494bababb"
url = "https://github.com/jdx/fnox/releases/download/v1.35.3/fnox-x86_64-apple-darwin.tar.gz"
url_api = "https://api.github.com/repos/jdx/fnox/releases/assets/578792298"

[tools."aqua:jdx/fnox"."platforms.windows-x64"]
checksum = "sha256:6264f8be31e6de99f6f97fa871f6323c9b01d605c0a9b9887e6364fdd74ad4f2"
url = "https://github.com/jdx/fnox/releases/download/v1.35.3/fnox-x86_64-pc-windows-msvc.zip"
url_api = "https://api.github.com/repos/jdx/fnox/releases/assets/578792327"
