# @generated - this file is auto-generated by `mise lock` https://mise.jdx.dev/dev-tools/mise-lock.html

lockfile_version = 1

[[tools."aqua:jdx/pitchfork"]]
version = "2.27.0"
backend = "aqua:jdx/pitchfork"
specifiers = ["2.27.0"]

[tools."aqua:jdx/pitchfork"."platforms.linux-arm64"]
checksum = "sha256:14f7a5e758407e8306234cabb2dd3768670453d9078bcdec6cc4089dfd72d8ed"
url = "https://github.com/jdx/pitchfork/releases/download/v2.27.0/pitchfork-aarch64-unknown-linux-gnu.tar.gz"
url_api = "https://api.github.com/repos/jdx/pitchfork/releases/assets/575680441"

[tools."aqua:jdx/pitchfork"."platforms.linux-x64"]
checksum = "sha256:20d7f851e3baec00fd97d53b2f95a986287b959957f56195c6f7f8d504bbea6e"
url = "https://github.com/jdx/pitchfork/releases/download/v2.27.0/pitchfork-x86_64-unknown-linux-gnu.tar.gz"
url_api = "https://api.github.com/repos/jdx/pitchfork/releases/assets/575680105"

[tools."aqua:jdx/pitchfork"."platforms.macos-arm64"]
checksum = "sha256:77491f4d803039ae4cf346c292db62b9b5aad971cc0850413917ef92cf335901"
url = "https://github.com/jdx/pitchfork/releases/download/v2.27.0/pitchfork-aarch64-apple-darwin.tar.gz"
url_api = "https://api.github.com/repos/jdx/pitchfork/releases/assets/575687571"

[tools."aqua:jdx/pitchfork"."platforms.windows-x64"]
checksum = "sha256:ae9e0d7d52c9c85689b7a2c5f0d96c8ef89ed0dfb6da310832375e8e5cfd67ce"
url = "https://github.com/jdx/pitchfork/releases/download/v2.27.0/pitchfork-x86_64-pc-windows-msvc.zip"
url_api = "https://api.github.com/repos/jdx/pitchfork/releases/assets/575684385"
