# @generated - this file is auto-generated by `mise lock` https://mise.jdx.dev/dev-tools/mise-lock.html

lockfile_version = 1

[[tools."aqua:jdx/pitchfork"]]
version = "2.24.2"
backend = "aqua:jdx/pitchfork"
specifiers = ["2.24.2"]

[tools."aqua:jdx/pitchfork"."platforms.linux-arm64"]
checksum = "sha256:3b95c60978d404f7b92a8ac9610f2266fca07a8db4941c1d8f0fca8a6e9fb963"
url = "https://github.com/jdx/pitchfork/releases/download/v2.24.2/pitchfork-aarch64-unknown-linux-gnu.tar.gz"
url_api = "https://api.github.com/repos/jdx/pitchfork/releases/assets/546295885"

[tools."aqua:jdx/pitchfork"."platforms.linux-x64"]
checksum = "sha256:e1196b2d347299651b53cafb45f30d8fa62ba3fee680e8c954b9cd578f461177"
url = "https://github.com/jdx/pitchfork/releases/download/v2.24.2/pitchfork-x86_64-unknown-linux-gnu.tar.gz"
url_api = "https://api.github.com/repos/jdx/pitchfork/releases/assets/546296761"

[tools."aqua:jdx/pitchfork"."platforms.macos-arm64"]
checksum = "sha256:6659397ed9c94b8ebecc3458431500e94efd3463cba29ef28372f13ddd5b7789"
url = "https://github.com/jdx/pitchfork/releases/download/v2.24.2/pitchfork-aarch64-apple-darwin.tar.gz"
url_api = "https://api.github.com/repos/jdx/pitchfork/releases/assets/546306059"

[tools."aqua:jdx/pitchfork"."platforms.windows-x64"]
checksum = "sha256:f221bce02b7ce651e4f872dbd7a0e44cbf77223ca47d8206b02169e7e9cd4d57"
url = "https://github.com/jdx/pitchfork/releases/download/v2.24.2/pitchfork-x86_64-pc-windows-msvc.zip"
url_api = "https://api.github.com/repos/jdx/pitchfork/releases/assets/546304274"
