# @generated - this file is auto-generated by `mise lock` https://mise.jdx.dev/dev-tools/mise-lock.html

lockfile_version = 1

[[tools."aqua:apple/pkl"]]
version = "0.32.1"
backend = "aqua:apple/pkl"
specifiers = ["0.32.1"]

[tools."aqua:apple/pkl"."platforms.linux-arm64"]
checksum = "sha256:a76d2dd47da435a8f911b0347373f47c7e59ea54fb75ff846d20b8df10dba058"
url = "https://github.com/apple/pkl/releases/download/0.32.1/pkl-linux-aarch64"
url_api = "https://api.github.com/repos/apple/pkl/releases/assets/487426568"

[tools."aqua:apple/pkl"."platforms.linux-arm64-musl"]
checksum = "sha256:a76d2dd47da435a8f911b0347373f47c7e59ea54fb75ff846d20b8df10dba058"
url = "https://github.com/apple/pkl/releases/download/0.32.1/pkl-linux-aarch64"
url_api = "https://api.github.com/repos/apple/pkl/releases/assets/487426568"

[tools."aqua:apple/pkl"."platforms.linux-x64"]
checksum = "sha256:3180b62da95c0cad1d904e9bb6c5f4a8f9032413c21e53194bb91ff1ee5f3211"
url = "https://github.com/apple/pkl/releases/download/0.32.1/pkl-linux-amd64"
url_api = "https://api.github.com/repos/apple/pkl/releases/assets/487426567"

[tools."aqua:apple/pkl"."platforms.linux-x64-musl"]
checksum = "sha256:3180b62da95c0cad1d904e9bb6c5f4a8f9032413c21e53194bb91ff1ee5f3211"
url = "https://github.com/apple/pkl/releases/download/0.32.1/pkl-linux-amd64"
url_api = "https://api.github.com/repos/apple/pkl/releases/assets/487426567"

[tools."aqua:apple/pkl"."platforms.macos-arm64"]
checksum = "sha256:563eb51c9a20b16a3625464ed745c675ed9750381f2126722696a0d7cac1d9d3"
url = "https://github.com/apple/pkl/releases/download/0.32.1/pkl-macos-aarch64"
url_api = "https://api.github.com/repos/apple/pkl/releases/assets/487426570"

[tools."aqua:apple/pkl"."platforms.macos-x64"]
checksum = "sha256:5b74b903234047960144f66f2cebdd12d267d9b98e8155ed91d2ae5ed27e2d1f"
url = "https://github.com/apple/pkl/releases/download/0.32.1/pkl-macos-amd64"
url_api = "https://api.github.com/repos/apple/pkl/releases/assets/487426599"

[tools."aqua:apple/pkl"."platforms.windows-x64"]
checksum = "sha256:8550a00fcf027335e42c5e2cd553b88e98845408cb1880b3e3d1860caf46d22a"
url = "https://github.com/apple/pkl/releases/download/0.32.1/pkl-windows-amd64.exe"
url_api = "https://api.github.com/repos/apple/pkl/releases/assets/487426668"

[[tools."aqua:crate-ci/typos"]]
version = "1.50.1"
backend = "aqua:crate-ci/typos"
specifiers = ["1.50.1"]

[tools."aqua:crate-ci/typos"."platforms.linux-arm64"]
checksum = "sha256:a48feb58c517977ca953e634507c72819d64df8717c33ced3e43868d174fd39e"
url = "https://github.com/crate-ci/typos/releases/download/v1.50.1/typos-v1.50.1-aarch64-unknown-linux-musl.tar.gz"
url_api = "https://api.github.com/repos/crate-ci/typos/releases/assets/539857357"

[tools."aqua:crate-ci/typos"."platforms.linux-arm64-musl"]
checksum = "sha256:a48feb58c517977ca953e634507c72819d64df8717c33ced3e43868d174fd39e"
url = "https://github.com/crate-ci/typos/releases/download/v1.50.1/typos-v1.50.1-aarch64-unknown-linux-musl.tar.gz"
url_api = "https://api.github.com/repos/crate-ci/typos/releases/assets/539857357"

[tools."aqua:crate-ci/typos"."platforms.linux-x64"]
checksum = "sha256:edf0545109aee6a22751d04ddecb97c45be47d3aa0409564fb895eeeace91b1e"
url = "https://github.com/crate-ci/typos/releases/download/v1.50.1/typos-v1.50.1-x86_64-unknown-linux-musl.tar.gz"
url_api = "https://api.github.com/repos/crate-ci/typos/releases/assets/539858793"

[tools."aqua:crate-ci/typos"."platforms.linux-x64-musl"]
checksum = "sha256:edf0545109aee6a22751d04ddecb97c45be47d3aa0409564fb895eeeace91b1e"
url = "https://github.com/crate-ci/typos/releases/download/v1.50.1/typos-v1.50.1-x86_64-unknown-linux-musl.tar.gz"
url_api = "https://api.github.com/repos/crate-ci/typos/releases/assets/539858793"

[tools."aqua:crate-ci/typos"."platforms.macos-arm64"]
checksum = "sha256:2c940734b44b6e199e165278b662b7e17c68f068471a2a8a5e491ce635414ae6"
url = "https://github.com/crate-ci/typos/releases/download/v1.50.1/typos-v1.50.1-aarch64-apple-darwin.tar.gz"
url_api = "https://api.github.com/repos/crate-ci/typos/releases/assets/539861019"

[tools."aqua:crate-ci/typos"."platforms.macos-x64"]
checksum = "sha256:b31ccf2f21154b2bc8d2a84f395f746106edda0feec4817fbecdb12216df53bd"
url = "https://github.com/crate-ci/typos/releases/download/v1.50.1/typos-v1.50.1-x86_64-apple-darwin.tar.gz"
url_api = "https://api.github.com/repos/crate-ci/typos/releases/assets/539861041"

[tools."aqua:crate-ci/typos"."platforms.windows-x64"]
checksum = "sha256:8740867a0d9e44a62f0803e37a669ec3c6cd17ab63cd49d00e14a96d3e03ccc3"
url = "https://github.com/crate-ci/typos/releases/download/v1.50.1/typos-v1.50.1-x86_64-pc-windows-msvc.zip"
url_api = "https://api.github.com/repos/crate-ci/typos/releases/assets/539862554"

[[tools."aqua:hadolint/hadolint"]]
version = "2.15.1"
backend = "aqua:hadolint/hadolint"
specifiers = ["2.15.1"]

[tools."aqua:hadolint/hadolint"."platforms.linux-arm64"]
checksum = "sha256:f6198ef8090f404dbb771abfee086eb8c48ac177f30da7fd3510aca35b344b5d"
url = "https://github.com/hadolint/hadolint/releases/download/v2.15.1/hadolint-linux-arm64"
url_api = "https://api.github.com/repos/hadolint/hadolint/releases/assets/496546507"
provenance = "github-attestations"

[tools."aqua:hadolint/hadolint"."platforms.linux-arm64-musl"]
checksum = "sha256:f6198ef8090f404dbb771abfee086eb8c48ac177f30da7fd3510aca35b344b5d"
url = "https://github.com/hadolint/hadolint/releases/download/v2.15.1/hadolint-linux-arm64"
url_api = "https://api.github.com/repos/hadolint/hadolint/releases/assets/496546507"
provenance = "github-attestations"

[tools."aqua:hadolint/hadolint"."platforms.linux-x64"]
checksum = "sha256:c7187db94eeeeca956519a6af171adc31453941a1e777961f6e680f697c8c507"
url = "https://github.com/hadolint/hadolint/releases/download/v2.15.1/hadolint-linux-x86_64"
url_api = "https://api.github.com/repos/hadolint/hadolint/releases/assets/496546506"
provenance = "github-attestations"

[tools."aqua:hadolint/hadolint"."platforms.linux-x64-musl"]
checksum = "sha256:c7187db94eeeeca956519a6af171adc31453941a1e777961f6e680f697c8c507"
url = "https://github.com/hadolint/hadolint/releases/download/v2.15.1/hadolint-linux-x86_64"
url_api = "https://api.github.com/repos/hadolint/hadolint/releases/assets/496546506"
provenance = "github-attestations"

[tools."aqua:hadolint/hadolint"."platforms.macos-arm64"]
checksum = "sha256:5c09f3213f8e40406abe048233d985eebef336d4a6a20021be47fadb6cf480a2"
url = "https://github.com/hadolint/hadolint/releases/download/v2.15.1/hadolint-macos-arm64"
url_api = "https://api.github.com/repos/hadolint/hadolint/releases/assets/496546505"
provenance = "github-attestations"

[tools."aqua:hadolint/hadolint"."platforms.macos-x64"]
checksum = "sha256:ffe9bb18b23d5ed1eae50237aecdbb523d016e96da0bd4e7aa432040acfc3fde"
url = "https://github.com/hadolint/hadolint/releases/download/v2.15.1/hadolint-macos-x86_64"
url_api = "https://api.github.com/repos/hadolint/hadolint/releases/assets/496546509"
provenance = "github-attestations"

[tools."aqua:hadolint/hadolint"."platforms.windows-x64"]
checksum = "sha256:01d927294962b5387f9ead4f18679158452be4f17c765ad0bdffe5264b9c7b0a"
url = "https://github.com/hadolint/hadolint/releases/download/v2.15.1/hadolint-windows-x86_64.exe"
url_api = "https://api.github.com/repos/hadolint/hadolint/releases/assets/496546508"
provenance = "github-attestations"

[[tools."aqua:jdx/hk"]]
version = "1.58.1"
backend = "aqua:jdx/hk"
specifiers = ["1.58.1"]

[tools."aqua:jdx/hk"."platforms.linux-arm64"]
checksum = "sha256:0972e05774ea3651fd521676c1bc6411333fe4404beb4a48067e10b54dfd1b4d"
url = "https://github.com/jdx/hk/releases/download/v1.58.1/hk-aarch64-unknown-linux-gnu.tar.gz"
url_api = "https://api.github.com/repos/jdx/hk/releases/assets/546232324"

[tools."aqua:jdx/hk"."platforms.linux-arm64-musl"]
checksum = "sha256:a49cc7c21cf914c03fbda6289254bb704d424e91458afd91074f16921f9a5e84"
url = "https://github.com/jdx/hk/releases/download/v1.58.1/hk-aarch64-unknown-linux-musl.tar.gz"
url_api = "https://api.github.com/repos/jdx/hk/releases/assets/546232327"

[tools."aqua:jdx/hk"."platforms.linux-x64"]
checksum = "sha256:8139133a70ed7cf1d4a0f2f19c26b1b68d714d81af91b2b1f42c4c524afc0fe5"
url = "https://github.com/jdx/hk/releases/download/v1.58.1/hk-x86_64-unknown-linux-gnu.tar.gz"
url_api = "https://api.github.com/repos/jdx/hk/releases/assets/546232333"

[tools."aqua:jdx/hk"."platforms.linux-x64-musl"]
checksum = "sha256:df8a97c000d59756c14096a550d211d7346c41abf2a20d394aaa0d9bc9695ef5"
url = "https://github.com/jdx/hk/releases/download/v1.58.1/hk-x86_64-unknown-linux-musl.tar.gz"
url_api = "https://api.github.com/repos/jdx/hk/releases/assets/546232335"

[tools."aqua:jdx/hk"."platforms.macos-arm64"]
checksum = "sha256:5529d95c63ea3ba9318f551e19760998a9ddf7ed926a14daf39dc46717ab32bf"
url = "https://github.com/jdx/hk/releases/download/v1.58.1/hk-aarch64-apple-darwin.tar.gz"
url_api = "https://api.github.com/repos/jdx/hk/releases/assets/546232326"

[tools."aqua:jdx/hk"."platforms.windows-x64"]
checksum = "sha256:fb11cf7aa477f3f0546cf66a05ac9a8563322500e5766f63c011ffb97f5c708d"
url = "https://github.com/jdx/hk/releases/download/v1.58.1/hk-x86_64-pc-windows-msvc.zip"
url_api = "https://api.github.com/repos/jdx/hk/releases/assets/546232325"

[[tools."aqua:oxc-project/oxc/oxfmt"]]
version = "1.81.0"
backend = "aqua:oxc-project/oxc/oxfmt"
specifiers = ["1.81.0"]

[tools."aqua:oxc-project/oxc/oxfmt"."platforms.linux-arm64"]
checksum = "sha256:a85df4acc7ffd378ea5990712b769e580f5c9cd7818bb66f2449b3e362f6bae1"
url = "https://github.com/oxc-project/oxc/releases/download/apps_v1.81.0/oxfmt-aarch64-unknown-linux-gnu.tar.gz"
url_api = "https://api.github.com/repos/oxc-project/oxc/releases/assets/539734188"

[tools."aqua:oxc-project/oxc/oxfmt"."platforms.linux-arm64-musl"]
checksum = "sha256:63a8c2314f7561ff99d48f9f601e38f0fd68a446ed6c82bde892740ee393e0f5"
url = "https://github.com/oxc-project/oxc/releases/download/apps_v1.81.0/oxfmt-aarch64-unknown-linux-musl.tar.gz"
url_api = "https://api.github.com/repos/oxc-project/oxc/releases/assets/539734191"

[tools."aqua:oxc-project/oxc/oxfmt"."platforms.linux-x64"]
checksum = "sha256:c64538f889330f1ca27c588b38b3605fd9ff477fa2eeb5efddb92c7e9862a9c8"
url = "https://github.com/oxc-project/oxc/releases/download/apps_v1.81.0/oxfmt-x86_64-unknown-linux-gnu.tar.gz"
url_api = "https://api.github.com/repos/oxc-project/oxc/releases/assets/539734246"

[tools."aqua:oxc-project/oxc/oxfmt"."platforms.linux-x64-musl"]
checksum = "sha256:31857809c6bedf1bae03aeb128269f010d61be7dc232e2467572186a059b7caa"
url = "https://github.com/oxc-project/oxc/releases/download/apps_v1.81.0/oxfmt-x86_64-unknown-linux-musl.tar.gz"
url_api = "https://api.github.com/repos/oxc-project/oxc/releases/assets/539734286"

[tools."aqua:oxc-project/oxc/oxfmt"."platforms.macos-arm64"]
checksum = "sha256:83cb74205190cce07983775f53d2063bf6946bbc9c63028fd000c5c3632be8ce"
url = "https://github.com/oxc-project/oxc/releases/download/apps_v1.81.0/oxfmt-aarch64-apple-darwin.tar.gz"
url_api = "https://api.github.com/repos/oxc-project/oxc/releases/assets/539734190"

[tools."aqua:oxc-project/oxc/oxfmt"."platforms.macos-x64"]
checksum = "sha256:8d0b6fd6bffbb514cb06ccf433b081ab9b55cf84e4e519c0545cb5887947ca01"
url = "https://github.com/oxc-project/oxc/releases/download/apps_v1.81.0/oxfmt-x86_64-apple-darwin.tar.gz"
url_api = "https://api.github.com/repos/oxc-project/oxc/releases/assets/539734240"

[tools."aqua:oxc-project/oxc/oxfmt"."platforms.windows-x64"]
checksum = "sha256:1513aa65c7d70a9eb955b03fcfd477b7e44433f59a3bbe28e37c90e9bc53c310"
url = "https://github.com/oxc-project/oxc/releases/download/apps_v1.81.0/oxfmt-x86_64-pc-windows-msvc.zip"
url_api = "https://api.github.com/repos/oxc-project/oxc/releases/assets/539734241"

[[tools."aqua:oxc-project/oxc/oxlint"]]
version = "1.81.0"
backend = "aqua:oxc-project/oxc/oxlint"
specifiers = ["1.81.0"]

[tools."aqua:oxc-project/oxc/oxlint"."platforms.linux-arm64"]
checksum = "sha256:e80f0a157a6ebbba332848a19f93f2fe593c42bc69d51d316446ada1ae47abc8"
url = "https://github.com/oxc-project/oxc/releases/download/apps_v1.81.0/oxlint-aarch64-unknown-linux-gnu.tar.gz"
url_api = "https://api.github.com/repos/oxc-project/oxc/releases/assets/539734294"

[tools."aqua:oxc-project/oxc/oxlint"."platforms.linux-arm64-musl"]
checksum = "sha256:ada20dd15dd7c76c07f65c1d6e183c5e42d829f07cd6767e6fe9c8544f2bf8ec"
url = "https://github.com/oxc-project/oxc/releases/download/apps_v1.81.0/oxlint-aarch64-unknown-linux-musl.tar.gz"
url_api = "https://api.github.com/repos/oxc-project/oxc/releases/assets/539734298"

[tools."aqua:oxc-project/oxc/oxlint"."platforms.linux-x64"]
checksum = "sha256:d176d586ff131466383c70ce655afee7dc5a0f0e8fcbdebc8e1320021431e69c"
url = "https://github.com/oxc-project/oxc/releases/download/apps_v1.81.0/oxlint-x86_64-unknown-linux-gnu.tar.gz"
url_api = "https://api.github.com/repos/oxc-project/oxc/releases/assets/539734366"

[tools."aqua:oxc-project/oxc/oxlint"."platforms.linux-x64-musl"]
checksum = "sha256:b102feb3a1ee8b6b773d814dd3155354ad5e7b9d11f1c61766c0d36f48b2e9d9"
url = "https://github.com/oxc-project/oxc/releases/download/apps_v1.81.0/oxlint-x86_64-unknown-linux-musl.tar.gz"
url_api = "https://api.github.com/repos/oxc-project/oxc/releases/assets/539734364"

[tools."aqua:oxc-project/oxc/oxlint"."platforms.macos-arm64"]
checksum = "sha256:329c5853e91fc0eb7fe84e324b606391a6b4ab7d85b573a9d7862571d307ea3f"
url = "https://github.com/oxc-project/oxc/releases/download/apps_v1.81.0/oxlint-aarch64-apple-darwin.tar.gz"
url_api = "https://api.github.com/repos/oxc-project/oxc/releases/assets/539734287"

[tools."aqua:oxc-project/oxc/oxlint"."platforms.macos-x64"]
checksum = "sha256:3e0cb2fe4c62bde28b78160aa505a82a2e7811cee8f91b15d15a9e89e1f505ad"
url = "https://github.com/oxc-project/oxc/releases/download/apps_v1.81.0/oxlint-x86_64-apple-darwin.tar.gz"
url_api = "https://api.github.com/repos/oxc-project/oxc/releases/assets/539734345"

[tools."aqua:oxc-project/oxc/oxlint"."platforms.windows-x64"]
checksum = "sha256:4ac6a6f80ac590d441623fa68fe51a93feefcdc9ac170fd3c8d79c7dce6b4e9e"
url = "https://github.com/oxc-project/oxc/releases/download/apps_v1.81.0/oxlint-x86_64-pc-windows-msvc.zip"
url_api = "https://api.github.com/repos/oxc-project/oxc/releases/assets/539734350"

[[tools."aqua:rhysd/actionlint"]]
version = "1.7.12"
backend = "aqua:rhysd/actionlint"
specifiers = ["1.7.12"]

[tools."aqua:rhysd/actionlint"."platforms.linux-arm64"]
checksum = "sha256:325e971b6ba9bfa504672e29be93c24981eeb1c07576d730e9f7c8805afff0c6"
url = "https://github.com/rhysd/actionlint/releases/download/v1.7.12/actionlint_1.7.12_linux_arm64.tar.gz"
url_api = "https://api.github.com/repos/rhysd/actionlint/releases/assets/384924897"
provenance = "github-attestations"

[tools."aqua:rhysd/actionlint"."platforms.linux-arm64-musl"]
checksum = "sha256:325e971b6ba9bfa504672e29be93c24981eeb1c07576d730e9f7c8805afff0c6"
url = "https://github.com/rhysd/actionlint/releases/download/v1.7.12/actionlint_1.7.12_linux_arm64.tar.gz"
url_api = "https://api.github.com/repos/rhysd/actionlint/releases/assets/384924897"
provenance = "github-attestations"

[tools."aqua:rhysd/actionlint"."platforms.linux-x64"]
checksum = "sha256:8aca8db96f1b94770f1b0d72b6dddcb1ebb8123cb3712530b08cc387b349a3d8"
url = "https://github.com/rhysd/actionlint/releases/download/v1.7.12/actionlint_1.7.12_linux_amd64.tar.gz"
url_api = "https://api.github.com/repos/rhysd/actionlint/releases/assets/384924896"
provenance = "github-attestations"

[tools."aqua:rhysd/actionlint"."platforms.linux-x64-musl"]
checksum = "sha256:8aca8db96f1b94770f1b0d72b6dddcb1ebb8123cb3712530b08cc387b349a3d8"
url = "https://github.com/rhysd/actionlint/releases/download/v1.7.12/actionlint_1.7.12_linux_amd64.tar.gz"
url_api = "https://api.github.com/repos/rhysd/actionlint/releases/assets/384924896"
provenance = "github-attestations"

[tools."aqua:rhysd/actionlint"."platforms.macos-arm64"]
checksum = "sha256:aba9ced2dee8d27fecca3dc7feb1a7f9a52caefa1eb46f3271ea66b6e0e6953f"
url = "https://github.com/rhysd/actionlint/releases/download/v1.7.12/actionlint_1.7.12_darwin_arm64.tar.gz"
url_api = "https://api.github.com/repos/rhysd/actionlint/releases/assets/384924893"
provenance = "github-attestations"

[tools."aqua:rhysd/actionlint"."platforms.macos-x64"]
checksum = "sha256:5b44c3bc2255115c9b69e30efc0fecdf498fdb63c5d58e17084fd5f16324c644"
url = "https://github.com/rhysd/actionlint/releases/download/v1.7.12/actionlint_1.7.12_darwin_amd64.tar.gz"
url_api = "https://api.github.com/repos/rhysd/actionlint/releases/assets/384924880"
provenance = "github-attestations"

[tools."aqua:rhysd/actionlint"."platforms.windows-x64"]
checksum = "sha256:6e7241b51e6817ea6a047693d8e6fed13b31819c9a0dd6c5a726e1592d22f6e9"
url = "https://github.com/rhysd/actionlint/releases/download/v1.7.12/actionlint_1.7.12_windows_amd64.zip"
url_api = "https://api.github.com/repos/rhysd/actionlint/releases/assets/384924919"
provenance = "github-attestations"

[[tools."aqua:tombi-toml/tombi"]]
version = "1.5.4"
backend = "aqua:tombi-toml/tombi"
specifiers = ["1.5.4"]

[tools."aqua:tombi-toml/tombi"."platforms.linux-arm64"]
checksum = "sha256:c715b9430b18c37e4f719cb5282e1d3352629dc027a8098d3bd116571f9cf034"
url = "https://github.com/tombi-toml/tombi/releases/download/v1.5.4/tombi-cli-1.5.4-aarch64-unknown-linux-musl.tar.gz"
url_api = "https://api.github.com/repos/tombi-toml/tombi/releases/assets/552962827"
provenance = "github-attestations"

[tools."aqua:tombi-toml/tombi"."platforms.linux-arm64-musl"]
checksum = "sha256:c715b9430b18c37e4f719cb5282e1d3352629dc027a8098d3bd116571f9cf034"
url = "https://github.com/tombi-toml/tombi/releases/download/v1.5.4/tombi-cli-1.5.4-aarch64-unknown-linux-musl.tar.gz"
url_api = "https://api.github.com/repos/tombi-toml/tombi/releases/assets/552962827"
provenance = "github-attestations"

[tools."aqua:tombi-toml/tombi"."platforms.linux-x64"]
checksum = "sha256:072a1d61e61d9137bcea2754568181370f8f3dcde85bef457c2c07529699ee6e"
url = "https://github.com/tombi-toml/tombi/releases/download/v1.5.4/tombi-cli-1.5.4-x86_64-unknown-linux-musl.tar.gz"
url_api = "https://api.github.com/repos/tombi-toml/tombi/releases/assets/552962856"
provenance = "github-attestations"

[tools."aqua:tombi-toml/tombi"."platforms.linux-x64-musl"]
checksum = "sha256:072a1d61e61d9137bcea2754568181370f8f3dcde85bef457c2c07529699ee6e"
url = "https://github.com/tombi-toml/tombi/releases/download/v1.5.4/tombi-cli-1.5.4-x86_64-unknown-linux-musl.tar.gz"
url_api = "https://api.github.com/repos/tombi-toml/tombi/releases/assets/552962856"
provenance = "github-attestations"

[tools."aqua:tombi-toml/tombi"."platforms.macos-arm64"]
checksum = "sha256:753a8ad56b658965a6f248438373c96465f991704ef59fe8bc04fcc31a4f4c88"
url = "https://github.com/tombi-toml/tombi/releases/download/v1.5.4/tombi-cli-1.5.4-aarch64-apple-darwin.tar.gz"
url_api = "https://api.github.com/repos/tombi-toml/tombi/releases/assets/552962824"
provenance = "github-attestations"

[tools."aqua:tombi-toml/tombi"."platforms.macos-x64"]
checksum = "sha256:a4a79dca35dcaa9bc535eef05ebd164829023977f97ba4e3b88f63468d9d6762"
url = "https://github.com/tombi-toml/tombi/releases/download/v1.5.4/tombi-cli-1.5.4-x86_64-apple-darwin.tar.gz"
url_api = "https://api.github.com/repos/tombi-toml/tombi/releases/assets/552962825"
provenance = "github-attestations"

[tools."aqua:tombi-toml/tombi"."platforms.windows-x64"]
checksum = "sha256:cf20b34bef7c2ebe2e700af3f49ce501ab37c0339605bb122885bc8f8eec3c47"
url = "https://github.com/tombi-toml/tombi/releases/download/v1.5.4/tombi-cli-1.5.4-x86_64-pc-windows-msvc.zip"
url_api = "https://api.github.com/repos/tombi-toml/tombi/releases/assets/552962850"
provenance = "github-attestations"

[[tools."aqua:wasilibs/go-yamllint"]]
version = "1.38.0"
backend = "aqua:wasilibs/go-yamllint"
specifiers = ["1.38.0"]

[tools."aqua:wasilibs/go-yamllint"."platforms.linux-arm64"]
checksum = "sha256:0f14176716bde7aaa3362583ee2b303919dfdfc2b6991829cc23718155bf9bed"
url = "https://github.com/wasilibs/go-yamllint/releases/download/v1.38.0/go-yamllint_1.38.0_linux_arm64.tar.gz"
url_api = "https://api.github.com/repos/wasilibs/go-yamllint/releases/assets/344155011"
provenance = "github-attestations"

[tools."aqua:wasilibs/go-yamllint"."platforms.linux-arm64-musl"]
checksum = "sha256:0f14176716bde7aaa3362583ee2b303919dfdfc2b6991829cc23718155bf9bed"
url = "https://github.com/wasilibs/go-yamllint/releases/download/v1.38.0/go-yamllint_1.38.0_linux_arm64.tar.gz"
url_api = "https://api.github.com/repos/wasilibs/go-yamllint/releases/assets/344155011"
provenance = "github-attestations"

[tools."aqua:wasilibs/go-yamllint"."platforms.linux-x64"]
checksum = "sha256:f38a5a5740dceb3d4e2fb17bdabafa9ea16e7aaedde832a99c738e9b1eb7f746"
url = "https://github.com/wasilibs/go-yamllint/releases/download/v1.38.0/go-yamllint_1.38.0_linux_amd64.tar.gz"
url_api = "https://api.github.com/repos/wasilibs/go-yamllint/releases/assets/344155001"
provenance = "github-attestations"

[tools."aqua:wasilibs/go-yamllint"."platforms.linux-x64-musl"]
checksum = "sha256:f38a5a5740dceb3d4e2fb17bdabafa9ea16e7aaedde832a99c738e9b1eb7f746"
url = "https://github.com/wasilibs/go-yamllint/releases/download/v1.38.0/go-yamllint_1.38.0_linux_amd64.tar.gz"
url_api = "https://api.github.com/repos/wasilibs/go-yamllint/releases/assets/344155001"
provenance = "github-attestations"

[tools."aqua:wasilibs/go-yamllint"."platforms.macos-arm64"]
checksum = "sha256:81186d9648d7c3b0f7d92b6f7648f041d99aacd6be52b554173fbea65472a6a4"
url = "https://github.com/wasilibs/go-yamllint/releases/download/v1.38.0/go-yamllint_1.38.0_darwin_arm64.tar.gz"
url_api = "https://api.github.com/repos/wasilibs/go-yamllint/releases/assets/344155009"
provenance = "github-attestations"

[tools."aqua:wasilibs/go-yamllint"."platforms.macos-x64"]
checksum = "sha256:b8890e825678674165845d6244795ce06687ef7d6dc6a5f0d2e40b582ae1205a"
url = "https://github.com/wasilibs/go-yamllint/releases/download/v1.38.0/go-yamllint_1.38.0_darwin_amd64.tar.gz"
url_api = "https://api.github.com/repos/wasilibs/go-yamllint/releases/assets/344155000"
provenance = "github-attestations"

[tools."aqua:wasilibs/go-yamllint"."platforms.windows-x64"]
checksum = "sha256:1e7a21e8ac6a9e33577ac8a96a6094f3810a061aa4277a95b32c48a838da99c7"
url = "https://github.com/wasilibs/go-yamllint/releases/download/v1.38.0/go-yamllint_1.38.0_windows_amd64.zip"
url_api = "https://api.github.com/repos/wasilibs/go-yamllint/releases/assets/344155003"
provenance = "github-attestations"

[[tools."aqua:zizmorcore/zizmor"]]
version = "1.30.1"
backend = "aqua:zizmorcore/zizmor"
specifiers = ["1.30.1"]

[tools."aqua:zizmorcore/zizmor"."platforms.linux-arm64"]
checksum = "sha256:7ff1dce33bdd18fd2a4affe63bdd47efcccca97b2cec1c1863ec26e9e2647540"
url = "https://github.com/zizmorcore/zizmor/releases/download/v1.30.1/zizmor-aarch64-unknown-linux-gnu.tar.gz"
url_api = "https://api.github.com/repos/zizmorcore/zizmor/releases/assets/552067643"
provenance = "github-attestations"

[tools."aqua:zizmorcore/zizmor"."platforms.linux-arm64-musl"]
provenance = "github-attestations"

[tools."aqua:zizmorcore/zizmor"."platforms.linux-x64"]
checksum = "sha256:e65324f4430c2717591937edcec90ccbefaf14c174f8ec9415e03ca875b46e1a"
url = "https://github.com/zizmorcore/zizmor/releases/download/v1.30.1/zizmor-x86_64-unknown-linux-gnu.tar.gz"
url_api = "https://api.github.com/repos/zizmorcore/zizmor/releases/assets/552067642"
provenance = "github-attestations"

[tools."aqua:zizmorcore/zizmor"."platforms.linux-x64-musl"]
provenance = "github-attestations"

[tools."aqua:zizmorcore/zizmor"."platforms.macos-arm64"]
checksum = "sha256:e28d22b087f9ebb8d99da6e740d348c930f559961c7c3f12badda54f882195a2"
url = "https://github.com/zizmorcore/zizmor/releases/download/v1.30.1/zizmor-aarch64-apple-darwin.tar.gz"
url_api = "https://api.github.com/repos/zizmorcore/zizmor/releases/assets/552067640"
provenance = "github-attestations"

[tools."aqua:zizmorcore/zizmor"."platforms.macos-x64"]
checksum = "sha256:10e6b18b11ea07e515a16f0f0518c7b07527bc9977c1fd5698181ce7f3554202"
url = "https://github.com/zizmorcore/zizmor/releases/download/v1.30.1/zizmor-x86_64-apple-darwin.tar.gz"
url_api = "https://api.github.com/repos/zizmorcore/zizmor/releases/assets/552067641"
provenance = "github-attestations"

[tools."aqua:zizmorcore/zizmor"."platforms.windows-x64"]
checksum = "sha256:b183b1e996eddfab9659f1e9b46e059f1ef1cf984a1f14e5da09f7876a4b3a1c"
url = "https://github.com/zizmorcore/zizmor/releases/download/v1.30.1/zizmor-x86_64-pc-windows-msvc.zip"
url_api = "https://api.github.com/repos/zizmorcore/zizmor/releases/assets/552067645"
provenance = "github-attestations"

[[tools.markdownlint-cli2]]
version = "0.23.2"
backend = "npm:markdownlint-cli2"
specifiers = ["0.23.2"]

[[tools."npm:@commitlint/cli"]]
version = "21.2.2"
backend = "npm:@commitlint/cli"
specifiers = ["21.2.2"]

[[tools."npm:renovate"]]
version = "44.79.6"
backend = "npm:renovate"
specifiers = ["44.79.6"]

[tools."npm:renovate".options]
bun_args = "--trust"
