# @generated - this file is auto-generated by `mise lock` https://mise.jdx.dev/dev-tools/mise-lock.html

lockfile_version = 3

[[tools."aqua:jdx/pitchfork"]]
version = "2.29.0"
backend = "aqua:jdx/pitchfork"
specifiers = ["2.29.0"]

[tools."aqua:jdx/pitchfork"."platforms.linux-arm64"]
checksum = "sha256:dfea08ac9b4a8b2a3f4c9ce94c5faba9a1996634a22bdc6fd17510affe9dca71"
url = "https://github.com/jdx/pitchfork/releases/download/v2.29.0/pitchfork-aarch64-unknown-linux-gnu.tar.gz"
url_api = "https://api.github.com/repos/jdx/pitchfork/releases/assets/599253285"

[tools."aqua:jdx/pitchfork"."platforms.linux-x64"]
checksum = "sha256:80d48f7077f8612c7684777aef346b93d3ecca296d4d9b392b2fb5e50a4f891d"
url = "https://github.com/jdx/pitchfork/releases/download/v2.29.0/pitchfork-x86_64-unknown-linux-gnu.tar.gz"
url_api = "https://api.github.com/repos/jdx/pitchfork/releases/assets/599252450"

[tools."aqua:jdx/pitchfork"."platforms.macos-arm64"]
checksum = "sha256:06adf144e4a48dad55806706a7b0fe1a8dfc901726c5c8939e54fbc2bcabb04e"
url = "https://github.com/jdx/pitchfork/releases/download/v2.29.0/pitchfork-aarch64-apple-darwin.tar.gz"
url_api = "https://api.github.com/repos/jdx/pitchfork/releases/assets/599256238"

[tools."aqua:jdx/pitchfork"."platforms.windows-x64"]
checksum = "sha256:9747f3679f5c7ff4091bb3fe14c80ab92c9b15c212f37cd0193aa6e2da1631c1"
url = "https://github.com/jdx/pitchfork/releases/download/v2.29.0/pitchfork-x86_64-pc-windows-msvc.zip"
url_api = "https://api.github.com/repos/jdx/pitchfork/releases/assets/599271230"
